
Microsoft Visual Studio Solution File, Format Version 12.00
# Visual Studio Version 16
VisualStudioVersion = 16.0.29709.97
MinimumVisualStudioVersion = 10.0.40219.1
Project("{FAE04EC0-301F-11D3-BF4B-00C04F79EFBC}") = "FilterOverrideInMVC", "FilterOverrideInMVC\FilterOverrideInMVC.csproj", "{44233074-89E0-4B69-B0AB-65FBB82F5416}"
EndProject
Global
	GlobalSection(SolutionConfigurationPlatforms) = preSolution
		Debug|Any CPU = Debug|Any CPU
		Release|Any CPU = Release|Any CPU
	EndGlobalSection
	GlobalSection(ProjectConfigurationPlatforms) = postSolution
		{44233074-89E0-4B69-B0AB-65FBB82F5416}.Debug|Any CPU.ActiveCfg = Debug|Any CPU
		{44233074-89E0-4B69-B0AB-65FBB82F5416}.Debug|Any CPU.Build.0 = Debug|Any CPU
		{44233074-89E0-4B69-B0AB-65FBB82F5416}.Release|Any CPU.ActiveCfg = Release|Any CPU
		{44233074-89E0-4B69-B0AB-65FBB82F5416}.Release|Any CPU.Build.0 = Release|Any CPU
	EndGlobalSection
	GlobalSection(SolutionProperties) = preSolution
		HideSolutionNode = FALSE
	EndGlobalSection
	GlobalSection(ExtensibilityGlobals) = postSolution
		SolutionGuid = {498EB7EC-3A45-4D98-A147-A4833D8B1ACA}
	EndGlobalSection
EndGlobal
